<?xml version="1.0" encoding="utf-8"?>
<Project ToolsVersion="4.0" xmlns="http://schemas.microsoft.com/developer/msbuild/2003">
  <ItemGroup>
    <Filter Include="Framework">
      <UniqueIdentifier>{4FC737F1-C7A5-4376-A066-2A32D752A2FF}</UniqueIdentifier>
      <Extensions>cpp;c;cc;cxx;c++;cppm;ixx;def;odl;idl;hpj;bat;asm;asmx</Extensions>
    </Filter>
    <Filter Include="Gameplay">
      <UniqueIdentifier>{c2f8cc26-f828-41e4-8c0a-24173cb8f4b0}</UniqueIdentifier>
    </Filter>
    <Filter Include="Entities">
      <UniqueIdentifier>{ad228917-74ef-427c-b2d2-ed2f8fcbb77d}</UniqueIdentifier>
    </Filter>
    <Filter Include="Xml Data">
      <UniqueIdentifier>{4a198bb2-483b-492f-8ec2-0f03e599389f}</UniqueIdentifier>
    </Filter>
    <Filter Include="Maps">
      <UniqueIdentifier>{393e7b31-5b9f-4e62-b9d2-f7099641805f}</UniqueIdentifier>
    </Filter>
  </ItemGroup>
  <ItemGroup>
    <ClCompile Include="App.cpp">
      <Filter>Framework</Filter>
    </ClCompile>
    <ClCompile Include="Game.cpp">
      <Filter>Gameplay</Filter>
    </ClCompile>
    <ClCompile Include="GameCommon.cpp">
      <Filter>Gameplay</Filter>
    </ClCompile>
    <ClCompile Include="Entity.cpp">
      <Filter>Entities</Filter>
    </ClCompile>
    <ClCompile Include="Main_Windows.cpp">
      <Filter>Framework</Filter>
    </ClCompile>
    <ClCompile Include="Map.cpp">
      <Filter>Gameplay</Filter>
    </ClCompile>
    <ClCompile Include="Province.cpp">
      <Filter>Gameplay</Filter>
    </ClCompile>
    <ClCompile Include="Force.cpp">
      <Filter>Gameplay</Filter>
    </ClCompile>
    <ClCompile Include="Army.cpp">
      <Filter>Gameplay</Filter>
    </ClCompile>
    <ClCompile Include="Button.cpp">
      <Filter>Framework</Filter>
    </ClCompile>
    <ClCompile Include="BattleReport.cpp">
      <Filter>Gameplay</Filter>
    </ClCompile>
    <ClCompile Include="AIUtils.cpp">
      <Filter>Gameplay</Filter>
    </ClCompile>
    <ClCompile Include="SM_BitMapFont.cpp">
      <Filter>Framework</Filter>
    </ClCompile>
    <ClCompile Include="TranslationUtils.cpp">
      <Filter>Framework</Filter>
    </ClCompile>
  </ItemGroup>
  <ItemGroup>
    <ClInclude Include="App.hpp">
      <Filter>Framework</Filter>
    </ClInclude>
    <ClInclude Include="Game.hpp">
      <Filter>Gameplay</Filter>
    </ClInclude>
    <ClInclude Include="GameCommon.hpp">
      <Filter>Gameplay</Filter>
    </ClInclude>
    <ClInclude Include="Entity.hpp">
      <Filter>Entities</Filter>
    </ClInclude>
    <ClInclude Include="EngineBuildPreferences.hpp">
      <Filter>Framework</Filter>
    </ClInclude>
    <ClInclude Include="Map.hpp">
      <Filter>Gameplay</Filter>
    </ClInclude>
    <ClInclude Include="Province.hpp">
      <Filter>Gameplay</Filter>
    </ClInclude>
    <ClInclude Include="Force.hpp">
      <Filter>Gameplay</Filter>
    </ClInclude>
    <ClInclude Include="Army.hpp">
      <Filter>Gameplay</Filter>
    </ClInclude>
    <ClInclude Include="Button.hpp">
      <Filter>Framework</Filter>
    </ClInclude>
    <ClInclude Include="BattleReport.hpp">
      <Filter>Gameplay</Filter>
    </ClInclude>
    <ClInclude Include="AIUtils.hpp">
      <Filter>Gameplay</Filter>
    </ClInclude>
    <ClInclude Include="SM_BitMapFont.hpp">
      <Filter>Framework</Filter>
    </ClInclude>
    <ClInclude Include="TranslationUtils.hpp">
      <Filter>Framework</Filter>
    </ClInclude>
  </ItemGroup>
  <ItemGroup>
    <Xml Include="..\..\Run\Data\GameConfig.xml">
      <Filter>Xml Data</Filter>
    </Xml>
    <Xml Include="..\..\Run\Data\Map\ProvinceDefinitions.xml">
      <Filter>Xml Data</Filter>
    </Xml>
    <Xml Include="..\..\Run\Data\Map\ForceDefinitions.xml">
      <Filter>Xml Data</Filter>
    </Xml>
    <Xml Include="..\..\Run\Data\Map\ProvinceLinkInfo.xml">
      <Filter>Xml Data</Filter>
    </Xml>
    <Xml Include="..\..\Run\Data\Map\ScenarioDefinitions.xml">
      <Filter>Xml Data</Filter>
    </Xml>
  </ItemGroup>
  <ItemGroup>
    <Image Include="..\..\Run\Data\Map\map.png">
      <Filter>Maps</Filter>
    </Image>
    <Image Include="..\..\Run\Data\Map\river.png">
      <Filter>Maps</Filter>
    </Image>
  </ItemGroup>
</Project>