<?xml version="1.0" encoding="utf-8"?>
<Project ToolsVersion="4.0" xmlns="http://schemas.microsoft.com/developer/msbuild/2003">
  <ItemGroup>
    <Filter Include="Framework">
      <UniqueIdentifier>{4FC737F1-C7A5-4376-A066-2A32D752A2FF}</UniqueIdentifier>
      <Extensions>cpp;c;cc;cxx;c++;cppm;ixx;def;odl;idl;hpj;bat;asm;asmx</Extensions>
    </Filter>
    <Filter Include="Data">
      <UniqueIdentifier>{0dedc8d6-f31b-4b32-adb7-1fb3e1d66f2f}</UniqueIdentifier>
    </Filter>
    <Filter Include="Map">
      <UniqueIdentifier>{cb7d7166-f703-4ebc-bf57-22d05e5be7ed}</UniqueIdentifier>
    </Filter>
    <Filter Include="Game">
      <UniqueIdentifier>{c2f8cc26-f828-41e4-8c0a-24173cb8f4b0}</UniqueIdentifier>
    </Filter>
    <Filter Include="Actor">
      <UniqueIdentifier>{ad228917-74ef-427c-b2d2-ed2f8fcbb77d}</UniqueIdentifier>
    </Filter>
    <Filter Include="Component">
      <UniqueIdentifier>{2531d0a0-4ff1-4e02-810b-98732a7ed034}</UniqueIdentifier>
    </Filter>
    <Filter Include="Controller">
      <UniqueIdentifier>{a89acf92-aecd-4092-b82c-8d8134d01a8a}</UniqueIdentifier>
    </Filter>
    <Filter Include="Shaders">
      <UniqueIdentifier>{4cdfac83-7949-44e6-9c5a-fb61ffe73e5a}</UniqueIdentifier>
    </Filter>
  </ItemGroup>
  <ItemGroup>
    <ClCompile Include="App.cpp">
      <Filter>Framework</Filter>
    </ClCompile>
    <ClCompile Include="Game.cpp">
      <Filter>Game</Filter>
    </ClCompile>
    <ClCompile Include="GameCommon.cpp">
      <Filter>Game</Filter>
    </ClCompile>
    <ClCompile Include="Main_Windows.cpp">
      <Filter>Framework</Filter>
    </ClCompile>
    <ClCompile Include="Map.cpp">
      <Filter>Map</Filter>
    </ClCompile>
    <ClCompile Include="Tile.cpp">
      <Filter>Map</Filter>
    </ClCompile>
    <ClCompile Include="Actor.cpp">
      <Filter>Actor</Filter>
    </ClCompile>
    <ClCompile Include="AIController.cpp">
      <Filter>Controller</Filter>
    </ClCompile>
    <ClCompile Include="Controller.cpp">
      <Filter>Controller</Filter>
    </ClCompile>
    <ClCompile Include="PlayerController.cpp">
      <Filter>Controller</Filter>
    </ClCompile>
    <ClCompile Include="Weapon.cpp">
      <Filter>Component</Filter>
    </ClCompile>
    <ClCompile Include="ActorUID.cpp">
      <Filter>Framework</Filter>
    </ClCompile>
    <ClCompile Include="GameModes.cpp">
      <Filter>Actor</Filter>
    </ClCompile>
  </ItemGroup>
  <ItemGroup>
    <ClInclude Include="App.hpp">
      <Filter>Framework</Filter>
    </ClInclude>
    <ClInclude Include="Game.hpp">
      <Filter>Game</Filter>
    </ClInclude>
    <ClInclude Include="GameCommon.hpp">
      <Filter>Game</Filter>
    </ClInclude>
    <ClInclude Include="EngineBuildPreferences.hpp">
      <Filter>Framework</Filter>
    </ClInclude>
    <ClInclude Include="Map.hpp">
      <Filter>Map</Filter>
    </ClInclude>
    <ClInclude Include="Tile.hpp">
      <Filter>Map</Filter>
    </ClInclude>
    <ClInclude Include="Actor.hpp">
      <Filter>Actor</Filter>
    </ClInclude>
    <ClInclude Include="AIController.hpp">
      <Filter>Controller</Filter>
    </ClInclude>
    <ClInclude Include="Controller.hpp">
      <Filter>Controller</Filter>
    </ClInclude>
    <ClInclude Include="PlayerController.hpp">
      <Filter>Controller</Filter>
    </ClInclude>
    <ClInclude Include="Weapon.hpp">
      <Filter>Component</Filter>
    </ClInclude>
    <ClInclude Include="ActorUID.hpp">
      <Filter>Framework</Filter>
    </ClInclude>
    <ClInclude Include="GameModes.hpp">
      <Filter>Actor</Filter>
    </ClInclude>
  </ItemGroup>
  <ItemGroup>
    <Xml Include="..\..\Run\Data\Definitions\MapDefinitions.xml">
      <Filter>Data</Filter>
    </Xml>
    <Xml Include="..\..\Run\Data\Definitions\TileDefinitions.xml">
      <Filter>Data</Filter>
    </Xml>
    <Xml Include="..\..\Run\Data\GameConfig.xml">
      <Filter>Data</Filter>
    </Xml>
    <Xml Include="..\..\Run\Data\Definitions\ActorDefinitions.xml">
      <Filter>Data</Filter>
    </Xml>
    <Xml Include="..\..\Run\Data\Definitions\ProjectileActorDefinitions.xml">
      <Filter>Data</Filter>
    </Xml>
    <Xml Include="..\..\Run\Data\Definitions\WeaponDefinitions.xml">
      <Filter>Data</Filter>
    </Xml>
  </ItemGroup>
  <ItemGroup>
    <FxCompile Include="..\..\Run\Data\Shaders\Diffuse.hlsl">
      <Filter>Shaders</Filter>
    </FxCompile>
    <FxCompile Include="..\..\Run\Data\Shaders\SpriteLit.hlsl">
      <Filter>Shaders</Filter>
    </FxCompile>
    <FxCompile Include="..\..\Run\Data\Shaders\Sprite.hlsl">
      <Filter>Shaders</Filter>
    </FxCompile>
    <FxCompile Include="..\..\Run\Data\Shaders\ShadowLit.hlsl">
      <Filter>Shaders</Filter>
    </FxCompile>
    <FxCompile Include="..\..\Run\Data\Shaders\ShadowDepthShader.hlsl">
      <Filter>Shaders</Filter>
    </FxCompile>
  </ItemGroup>
</Project>