<?xml version="1.0" encoding="utf-8"?>
<Project ToolsVersion="4.0" xmlns="http://schemas.microsoft.com/developer/msbuild/2003">
  <ItemGroup>
    <Filter Include="Framework">
      <UniqueIdentifier>{4FC737F1-C7A5-4376-A066-2A32D752A2FF}</UniqueIdentifier>
      <Extensions>cpp;c;cc;cxx;c++;cppm;ixx;def;odl;idl;hpj;bat;asm;asmx</Extensions>
    </Filter>
    <Filter Include="Gameplay">
      <UniqueIdentifier>{c2f8cc26-f828-41e4-8c0a-24173cb8f4b0}</UniqueIdentifier>
    </Filter>
    <Filter Include="Entities">
      <UniqueIdentifier>{ad228917-74ef-427c-b2d2-ed2f8fcbb77d}</UniqueIdentifier>
    </Filter>
    <Filter Include="Entities\Enemies">
      <UniqueIdentifier>{26234d88-1489-438a-8645-6904a6dd8cbd}</UniqueIdentifier>
    </Filter>
    <Filter Include="Utilities">
      <UniqueIdentifier>{635586a9-fcef-4369-90c6-133805de4647}</UniqueIdentifier>
    </Filter>
    <Filter Include="Data">
      <UniqueIdentifier>{3fdc7d3d-0c22-4d88-94f7-dd13c66fafd3}</UniqueIdentifier>
    </Filter>
    <Filter Include="Entities\Effects">
      <UniqueIdentifier>{172c9946-e15e-444e-b7d9-4dcbb5b64ecc}</UniqueIdentifier>
    </Filter>
  </ItemGroup>
  <ItemGroup>
    <ClCompile Include="App.cpp">
      <Filter>Framework</Filter>
    </ClCompile>
    <ClCompile Include="Game.cpp">
      <Filter>Gameplay</Filter>
    </ClCompile>
    <ClCompile Include="GameCommon.cpp">
      <Filter>Gameplay</Filter>
    </ClCompile>
    <ClCompile Include="Entity.cpp">
      <Filter>Entities</Filter>
    </ClCompile>
    <ClCompile Include="Main_Windows.cpp">
      <Filter>Framework</Filter>
    </ClCompile>
    <ClCompile Include="Map.cpp">
      <Filter>Gameplay</Filter>
    </ClCompile>
    <ClCompile Include="Tile.cpp">
      <Filter>Gameplay</Filter>
    </ClCompile>
    <ClCompile Include="PlayerTank.cpp">
      <Filter>Entities</Filter>
    </ClCompile>
    <ClCompile Include="Bullet.cpp">
      <Filter>Entities</Filter>
    </ClCompile>
    <ClCompile Include="Scorpio.cpp">
      <Filter>Entities\Enemies</Filter>
    </ClCompile>
    <ClCompile Include="Leo.cpp">
      <Filter>Entities\Enemies</Filter>
    </ClCompile>
    <ClCompile Include="Aries.cpp">
      <Filter>Entities\Enemies</Filter>
    </ClCompile>
    <ClCompile Include="Ray.cpp">
      <Filter>Utilities</Filter>
    </ClCompile>
    <ClCompile Include="Capricorn.cpp">
      <Filter>Entities\Enemies</Filter>
    </ClCompile>
    <ClCompile Include="Explosion.cpp">
      <Filter>Entities\Effects</Filter>
    </ClCompile>
    <ClCompile Include="Cancer.cpp">
      <Filter>Entities\Enemies</Filter>
    </ClCompile>
    <ClCompile Include="Building.cpp">
      <Filter>Entities</Filter>
    </ClCompile>
    <ClCompile Include="Rubble.cpp">
      <Filter>Entities</Filter>
    </ClCompile>
  </ItemGroup>
  <ItemGroup>
    <ClInclude Include="App.hpp">
      <Filter>Framework</Filter>
    </ClInclude>
    <ClInclude Include="Game.hpp">
      <Filter>Gameplay</Filter>
    </ClInclude>
    <ClInclude Include="GameCommon.hpp">
      <Filter>Gameplay</Filter>
    </ClInclude>
    <ClInclude Include="Entity.hpp">
      <Filter>Entities</Filter>
    </ClInclude>
    <ClInclude Include="EngineBuildPreferences.hpp">
      <Filter>Framework</Filter>
    </ClInclude>
    <ClInclude Include="Map.hpp">
      <Filter>Gameplay</Filter>
    </ClInclude>
    <ClInclude Include="Tile.hpp">
      <Filter>Gameplay</Filter>
    </ClInclude>
    <ClInclude Include="PlayerTank.hpp">
      <Filter>Entities</Filter>
    </ClInclude>
    <ClInclude Include="Bullet.hpp">
      <Filter>Entities</Filter>
    </ClInclude>
    <ClInclude Include="Scorpio.hpp">
      <Filter>Entities\Enemies</Filter>
    </ClInclude>
    <ClInclude Include="Leo.hpp">
      <Filter>Entities\Enemies</Filter>
    </ClInclude>
    <ClInclude Include="Aries.hpp">
      <Filter>Entities\Enemies</Filter>
    </ClInclude>
    <ClInclude Include="Ray.hpp">
      <Filter>Utilities</Filter>
    </ClInclude>
    <ClInclude Include="Capricorn.hpp">
      <Filter>Entities\Enemies</Filter>
    </ClInclude>
    <ClInclude Include="Explosion.hpp">
      <Filter>Entities\Effects</Filter>
    </ClInclude>
    <ClInclude Include="Cancer.hpp">
      <Filter>Entities\Enemies</Filter>
    </ClInclude>
    <ClInclude Include="Building.hpp">
      <Filter>Entities</Filter>
    </ClInclude>
    <ClInclude Include="Rubble.hpp">
      <Filter>Entities</Filter>
    </ClInclude>
  </ItemGroup>
  <ItemGroup>
    <Xml Include="..\..\Run\Data\GameConfig.xml">
      <Filter>Data</Filter>
    </Xml>
    <Xml Include="..\..\Run\Data\Definitions\MapDefinitions.xml">
      <Filter>Data</Filter>
    </Xml>
    <Xml Include="..\..\Run\Data\Definitions\TileDefinitions.xml">
      <Filter>Data</Filter>
    </Xml>
  </ItemGroup>
  <ItemGroup>
    <None Include="..\..\ReadMe.md" />
  </ItemGroup>
</Project>