<?xml version="1.0" encoding="utf-8"?>
<Project ToolsVersion="4.0" xmlns="http://schemas.microsoft.com/developer/msbuild/2003">
  <ItemGroup>
    <Filter Include="Framework">
      <UniqueIdentifier>{4FC737F1-C7A5-4376-A066-2A32D752A2FF}</UniqueIdentifier>
      <Extensions>cpp;c;cc;cxx;c++;cppm;ixx;def;odl;idl;hpj;bat;asm;asmx</Extensions>
    </Filter>
    <Filter Include="Gameplay">
      <UniqueIdentifier>{c2f8cc26-f828-41e4-8c0a-24173cb8f4b0}</UniqueIdentifier>
    </Filter>
    <Filter Include="Entities">
      <UniqueIdentifier>{ad228917-74ef-427c-b2d2-ed2f8fcbb77d}</UniqueIdentifier>
    </Filter>
    <Filter Include="Data">
      <UniqueIdentifier>{ffc32433-d7ce-41ea-822c-7592c2a5ff8a}</UniqueIdentifier>
    </Filter>
    <Filter Include="Shaders">
      <UniqueIdentifier>{6921863d-001f-4d82-b545-9ce14925c674}</UniqueIdentifier>
    </Filter>
  </ItemGroup>
  <ItemGroup>
    <ClCompile Include="App.cpp">
      <Filter>Framework</Filter>
    </ClCompile>
    <ClCompile Include="Game.cpp">
      <Filter>Gameplay</Filter>
    </ClCompile>
    <ClCompile Include="GameCommon.cpp">
      <Filter>Gameplay</Filter>
    </ClCompile>
    <ClCompile Include="Entity.cpp">
      <Filter>Entities</Filter>
    </ClCompile>
    <ClCompile Include="Main_Windows.cpp">
      <Filter>Framework</Filter>
    </ClCompile>
    <ClCompile Include="Player.cpp">
      <Filter>Entities</Filter>
    </ClCompile>
    <ClCompile Include="Prop.cpp">
      <Filter>Entities</Filter>
    </ClCompile>
    <ClCompile Include="Block.cpp">
      <Filter>Gameplay</Filter>
    </ClCompile>
    <ClCompile Include="Chunk.cpp">
      <Filter>Gameplay</Filter>
    </ClCompile>
    <ClCompile Include="World.cpp">
      <Filter>Gameplay</Filter>
    </ClCompile>
    <ClCompile Include="BlockIter.cpp">
      <Filter>Gameplay</Filter>
    </ClCompile>
    <ClCompile Include="BlockTemplates.cpp">
      <Filter>Gameplay</Filter>
    </ClCompile>
  </ItemGroup>
  <ItemGroup>
    <ClInclude Include="App.hpp">
      <Filter>Framework</Filter>
    </ClInclude>
    <ClInclude Include="Game.hpp">
      <Filter>Gameplay</Filter>
    </ClInclude>
    <ClInclude Include="GameCommon.hpp">
      <Filter>Gameplay</Filter>
    </ClInclude>
    <ClInclude Include="Entity.hpp">
      <Filter>Entities</Filter>
    </ClInclude>
    <ClInclude Include="EngineBuildPreferences.hpp">
      <Filter>Framework</Filter>
    </ClInclude>
    <ClInclude Include="Player.hpp">
      <Filter>Entities</Filter>
    </ClInclude>
    <ClInclude Include="Prop.hpp">
      <Filter>Entities</Filter>
    </ClInclude>
    <ClInclude Include="Block.hpp">
      <Filter>Gameplay</Filter>
    </ClInclude>
    <ClInclude Include="Chunk.hpp">
      <Filter>Gameplay</Filter>
    </ClInclude>
    <ClInclude Include="World.hpp">
      <Filter>Gameplay</Filter>
    </ClInclude>
    <ClInclude Include="BlockIter.hpp">
      <Filter>Gameplay</Filter>
    </ClInclude>
    <ClInclude Include="BlockTemplates.hpp">
      <Filter>Gameplay</Filter>
    </ClInclude>
  </ItemGroup>
  <ItemGroup>
    <Xml Include="..\..\Run\Data\GameConfig.xml">
      <Filter>Data</Filter>
    </Xml>
  </ItemGroup>
  <ItemGroup>
    <Text Include="..\..\Run\Data\Shaders\World.hlsl">
      <Filter>Shaders</Filter>
    </Text>
  </ItemGroup>
</Project>